
Microsoft Visual Studio Solution File, Format Version 11.00
# Visual Studio 2010
Project("{FAE04EC0-301F-11D3-BF4B-00C04F79EFBC}") = "Raven.Munin", "Modules\Munin\Raven.Munin\Raven.Munin.csproj", "{486537C2-EDF7-404F-9CFB-EEE25996DF5F}"
EndProject
Project("{FAE04EC0-301F-11D3-BF4B-00C04F79EFBC}") = "Raven.Munin.Tests", "Modules\Munin\Raven.Munin.Tests\Raven.Munin.Tests.csproj", "{08BE1CAB-13B1-4707-A0A3-6A2FDC1F916D}"
EndProject
Project("{FAE04EC0-301F-11D3-BF4B-00C04F79EFBC}") = "Raven.MQ", "Raven.MQ\Raven.MQ.csproj", "{55CB8E06-0A0D-4CD9-A0F9-B7BC4C890D13}"
EndProject
Project("{FAE04EC0-301F-11D3-BF4B-00C04F79EFBC}") = "Raven.Http", "Raven.Http\Raven.Http.csproj", "{508E5F54-A8F3-47F4-9297-CB96F91D4DF8}"
EndProject
Project("{FAE04EC0-301F-11D3-BF4B-00C04F79EFBC}") = "Raven.Abstractions", "Raven.Abstractions\Raven.Abstractions.csproj", "{792DB9EB-4B5F-4AF4-BACC-FF842A8DB722}"
EndProject
Project("{FAE04EC0-301F-11D3-BF4B-00C04F79EFBC}") = "Raven.MQ.Tests", "Raven.MQ.Tests\Raven.MQ.Tests.csproj", "{BB051898-C25C-4A0E-8259-51B8DED3D3E8}"
EndProject
Project("{FAE04EC0-301F-11D3-BF4B-00C04F79EFBC}") = "Raven.MQ.Server", "Raven.MQ.Server\Raven.MQ.Server.csproj", "{BA7CFEAC-1768-4B29-83D6-11ABD01DE8FB}"
EndProject
Project("{FAE04EC0-301F-11D3-BF4B-00C04F79EFBC}") = "Raven.MQ.Client", "Raven.MQ.Client\Raven.MQ.Client.csproj", "{A8060EAC-0448-4F52-82AE-6A4D62D5082C}"
EndProject
Global
	GlobalSection(SolutionConfigurationPlatforms) = preSolution
		Debug|Any CPU = Debug|Any CPU
		Debug|Mixed Platforms = Debug|Mixed Platforms
		Debug|x86 = Debug|x86
		Release|Any CPU = Release|Any CPU
		Release|Mixed Platforms = Release|Mixed Platforms
		Release|x86 = Release|x86
	EndGlobalSection
	GlobalSection(ProjectConfigurationPlatforms) = postSolution
		{486537C2-EDF7-404F-9CFB-EEE25996DF5F}.Debug|Any CPU.ActiveCfg = Debug|Any CPU
		{486537C2-EDF7-404F-9CFB-EEE25996DF5F}.Debug|Any CPU.Build.0 = Debug|Any CPU
		{486537C2-EDF7-404F-9CFB-EEE25996DF5F}.Debug|Mixed Platforms.ActiveCfg = Debug|Any CPU
		{486537C2-EDF7-404F-9CFB-EEE25996DF5F}.Debug|Mixed Platforms.Build.0 = Debug|Any CPU
		{486537C2-EDF7-404F-9CFB-EEE25996DF5F}.Debug|x86.ActiveCfg = Debug|Any CPU
		{486537C2-EDF7-404F-9CFB-EEE25996DF5F}.Release|Any CPU.ActiveCfg = Release|Any CPU
		{486537C2-EDF7-404F-9CFB-EEE25996DF5F}.Release|Any CPU.Build.0 = Release|Any CPU
		{486537C2-EDF7-404F-9CFB-EEE25996DF5F}.Release|Mixed Platforms.ActiveCfg = Release|Any CPU
		{486537C2-EDF7-404F-9CFB-EEE25996DF5F}.Release|Mixed Platforms.Build.0 = Release|Any CPU
		{486537C2-EDF7-404F-9CFB-EEE25996DF5F}.Release|x86.ActiveCfg = Release|Any CPU
		{08BE1CAB-13B1-4707-A0A3-6A2FDC1F916D}.Debug|Any CPU.ActiveCfg = Debug|Any CPU
		{08BE1CAB-13B1-4707-A0A3-6A2FDC1F916D}.Debug|Any CPU.Build.0 = Debug|Any CPU
		{08BE1CAB-13B1-4707-A0A3-6A2FDC1F916D}.Debug|Mixed Platforms.ActiveCfg = Debug|Any CPU
		{08BE1CAB-13B1-4707-A0A3-6A2FDC1F916D}.Debug|Mixed Platforms.Build.0 = Debug|Any CPU
		{08BE1CAB-13B1-4707-A0A3-6A2FDC1F916D}.Debug|x86.ActiveCfg = Debug|Any CPU
		{08BE1CAB-13B1-4707-A0A3-6A2FDC1F916D}.Release|Any CPU.ActiveCfg = Release|Any CPU
		{08BE1CAB-13B1-4707-A0A3-6A2FDC1F916D}.Release|Any CPU.Build.0 = Release|Any CPU
		{08BE1CAB-13B1-4707-A0A3-6A2FDC1F916D}.Release|Mixed Platforms.ActiveCfg = Release|Any CPU
		{08BE1CAB-13B1-4707-A0A3-6A2FDC1F916D}.Release|Mixed Platforms.Build.0 = Release|Any CPU
		{08BE1CAB-13B1-4707-A0A3-6A2FDC1F916D}.Release|x86.ActiveCfg = Release|Any CPU
		{55CB8E06-0A0D-4CD9-A0F9-B7BC4C890D13}.Debug|Any CPU.ActiveCfg = Debug|Any CPU
		{55CB8E06-0A0D-4CD9-A0F9-B7BC4C890D13}.Debug|Any CPU.Build.0 = Debug|Any CPU
		{55CB8E06-0A0D-4CD9-A0F9-B7BC4C890D13}.Debug|Mixed Platforms.ActiveCfg = Debug|Any CPU
		{55CB8E06-0A0D-4CD9-A0F9-B7BC4C890D13}.Debug|Mixed Platforms.Build.0 = Debug|Any CPU
		{55CB8E06-0A0D-4CD9-A0F9-B7BC4C890D13}.Debug|x86.ActiveCfg = Debug|Any CPU
		{55CB8E06-0A0D-4CD9-A0F9-B7BC4C890D13}.Release|Any CPU.ActiveCfg = Release|Any CPU
		{55CB8E06-0A0D-4CD9-A0F9-B7BC4C890D13}.Release|Any CPU.Build.0 = Release|Any CPU
		{55CB8E06-0A0D-4CD9-A0F9-B7BC4C890D13}.Release|Mixed Platforms.ActiveCfg = Release|Any CPU
		{55CB8E06-0A0D-4CD9-A0F9-B7BC4C890D13}.Release|Mixed Platforms.Build.0 = Release|Any CPU
		{55CB8E06-0A0D-4CD9-A0F9-B7BC4C890D13}.Release|x86.ActiveCfg = Release|Any CPU
		{508E5F54-A8F3-47F4-9297-CB96F91D4DF8}.Debug|Any CPU.ActiveCfg = Debug|Any CPU
		{508E5F54-A8F3-47F4-9297-CB96F91D4DF8}.Debug|Any CPU.Build.0 = Debug|Any CPU
		{508E5F54-A8F3-47F4-9297-CB96F91D4DF8}.Debug|Mixed Platforms.ActiveCfg = Debug|Any CPU
		{508E5F54-A8F3-47F4-9297-CB96F91D4DF8}.Debug|Mixed Platforms.Build.0 = Debug|Any CPU
		{508E5F54-A8F3-47F4-9297-CB96F91D4DF8}.Debug|x86.ActiveCfg = Debug|Any CPU
		{508E5F54-A8F3-47F4-9297-CB96F91D4DF8}.Release|Any CPU.ActiveCfg = Release|Any CPU
		{508E5F54-A8F3-47F4-9297-CB96F91D4DF8}.Release|Any CPU.Build.0 = Release|Any CPU
		{508E5F54-A8F3-47F4-9297-CB96F91D4DF8}.Release|Mixed Platforms.ActiveCfg = Release|Any CPU
		{508E5F54-A8F3-47F4-9297-CB96F91D4DF8}.Release|Mixed Platforms.Build.0 = Release|Any CPU
		{508E5F54-A8F3-47F4-9297-CB96F91D4DF8}.Release|x86.ActiveCfg = Release|Any CPU
		{792DB9EB-4B5F-4AF4-BACC-FF842A8DB722}.Debug|Any CPU.ActiveCfg = Debug|Any CPU
		{792DB9EB-4B5F-4AF4-BACC-FF842A8DB722}.Debug|Any CPU.Build.0 = Debug|Any CPU
		{792DB9EB-4B5F-4AF4-BACC-FF842A8DB722}.Debug|Mixed Platforms.ActiveCfg = Debug|Any CPU
		{792DB9EB-4B5F-4AF4-BACC-FF842A8DB722}.Debug|Mixed Platforms.Build.0 = Debug|Any CPU
		{792DB9EB-4B5F-4AF4-BACC-FF842A8DB722}.Debug|x86.ActiveCfg = Debug|Any CPU
		{792DB9EB-4B5F-4AF4-BACC-FF842A8DB722}.Release|Any CPU.ActiveCfg = Release|Any CPU
		{792DB9EB-4B5F-4AF4-BACC-FF842A8DB722}.Release|Any CPU.Build.0 = Release|Any CPU
		{792DB9EB-4B5F-4AF4-BACC-FF842A8DB722}.Release|Mixed Platforms.ActiveCfg = Release|Any CPU
		{792DB9EB-4B5F-4AF4-BACC-FF842A8DB722}.Release|Mixed Platforms.Build.0 = Release|Any CPU
		{792DB9EB-4B5F-4AF4-BACC-FF842A8DB722}.Release|x86.ActiveCfg = Release|Any CPU
		{BB051898-C25C-4A0E-8259-51B8DED3D3E8}.Debug|Any CPU.ActiveCfg = Debug|Any CPU
		{BB051898-C25C-4A0E-8259-51B8DED3D3E8}.Debug|Any CPU.Build.0 = Debug|Any CPU
		{BB051898-C25C-4A0E-8259-51B8DED3D3E8}.Debug|Mixed Platforms.ActiveCfg = Debug|Any CPU
		{BB051898-C25C-4A0E-8259-51B8DED3D3E8}.Debug|Mixed Platforms.Build.0 = Debug|Any CPU
		{BB051898-C25C-4A0E-8259-51B8DED3D3E8}.Debug|x86.ActiveCfg = Debug|Any CPU
		{BB051898-C25C-4A0E-8259-51B8DED3D3E8}.Release|Any CPU.ActiveCfg = Release|Any CPU
		{BB051898-C25C-4A0E-8259-51B8DED3D3E8}.Release|Any CPU.Build.0 = Release|Any CPU
		{BB051898-C25C-4A0E-8259-51B8DED3D3E8}.Release|Mixed Platforms.ActiveCfg = Release|Any CPU
		{BB051898-C25C-4A0E-8259-51B8DED3D3E8}.Release|Mixed Platforms.Build.0 = Release|Any CPU
		{BB051898-C25C-4A0E-8259-51B8DED3D3E8}.Release|x86.ActiveCfg = Release|Any CPU
		{BA7CFEAC-1768-4B29-83D6-11ABD01DE8FB}.Debug|Any CPU.ActiveCfg = Debug|x86
		{BA7CFEAC-1768-4B29-83D6-11ABD01DE8FB}.Debug|Mixed Platforms.ActiveCfg = Debug|x86
		{BA7CFEAC-1768-4B29-83D6-11ABD01DE8FB}.Debug|Mixed Platforms.Build.0 = Debug|x86
		{BA7CFEAC-1768-4B29-83D6-11ABD01DE8FB}.Debug|x86.ActiveCfg = Debug|x86
		{BA7CFEAC-1768-4B29-83D6-11ABD01DE8FB}.Debug|x86.Build.0 = Debug|x86
		{BA7CFEAC-1768-4B29-83D6-11ABD01DE8FB}.Release|Any CPU.ActiveCfg = Release|x86
		{BA7CFEAC-1768-4B29-83D6-11ABD01DE8FB}.Release|Mixed Platforms.ActiveCfg = Release|x86
		{BA7CFEAC-1768-4B29-83D6-11ABD01DE8FB}.Release|Mixed Platforms.Build.0 = Release|x86
		{BA7CFEAC-1768-4B29-83D6-11ABD01DE8FB}.Release|x86.ActiveCfg = Release|x86
		{BA7CFEAC-1768-4B29-83D6-11ABD01DE8FB}.Release|x86.Build.0 = Release|x86
		{A8060EAC-0448-4F52-82AE-6A4D62D5082C}.Debug|Any CPU.ActiveCfg = Debug|Any CPU
		{A8060EAC-0448-4F52-82AE-6A4D62D5082C}.Debug|Any CPU.Build.0 = Debug|Any CPU
		{A8060EAC-0448-4F52-82AE-6A4D62D5082C}.Debug|Mixed Platforms.ActiveCfg = Debug|Any CPU
		{A8060EAC-0448-4F52-82AE-6A4D62D5082C}.Debug|Mixed Platforms.Build.0 = Debug|Any CPU
		{A8060EAC-0448-4F52-82AE-6A4D62D5082C}.Debug|x86.ActiveCfg = Debug|Any CPU
		{A8060EAC-0448-4F52-82AE-6A4D62D5082C}.Release|Any CPU.ActiveCfg = Release|Any CPU
		{A8060EAC-0448-4F52-82AE-6A4D62D5082C}.Release|Any CPU.Build.0 = Release|Any CPU
		{A8060EAC-0448-4F52-82AE-6A4D62D5082C}.Release|Mixed Platforms.ActiveCfg = Release|Any CPU
		{A8060EAC-0448-4F52-82AE-6A4D62D5082C}.Release|Mixed Platforms.Build.0 = Release|Any CPU
		{A8060EAC-0448-4F52-82AE-6A4D62D5082C}.Release|x86.ActiveCfg = Release|Any CPU
	EndGlobalSection
	GlobalSection(SolutionProperties) = preSolution
		HideSolutionNode = FALSE
	EndGlobalSection
EndGlobal
